
Microsoft Visual Studio Solution File, Format Version 12.00
# Visual Studio Version 17
VisualStudioVersion = 17.8.34511.84
MinimumVisualStudioVersion = 10.0.40219.1
Project("{2150E333-8FDC-42A3-9474-1A3956D46DE8}") = "HomeWork", "HomeWork", "{DB141AC2-86C5-4E20-8DE9-1D4EEA6C30E2}"
EndProject
Project("{9A19103F-16F7-4668-BE54-9A1E7A4F7556}") = "CountingGame", "CountingGame\CountingGame.csproj", "{2723BF88-1145-46AE-8E7B-67D20B154975}"
EndProject
Project("{9A19103F-16F7-4668-BE54-9A1E7A4F7556}") = "SwapGame", "SwapGame\SwapGame.csproj", "{4E5AB197-6FD3-4EAF-8A9A-72F9886DD2D5}"
EndProject
Project("{9A19103F-16F7-4668-BE54-9A1E7A4F7556}") = "BarracksGame", "BarracksGame\BarracksGame.csproj", "{A258A3D4-5353-42D4-9CF6-A6A0697CEC31}"
EndProject
Project("{FAE04EC0-301F-11D3-BF4B-00C04F79EFBC}") = "Calculator", "WindowsFormsApp2\Calculator.csproj", "{B4D1CE31-2E89-4E3A-B082-72EFAB72A1A2}"
EndProject
Project("{FAE04EC0-301F-11D3-BF4B-00C04F79EFBC}") = "Database_test", "Database_test\Database_test.csproj", "{17A50E12-6420-4DAC-B091-68C3E9C845A7}"
EndProject
Global
	GlobalSection(SolutionConfigurationPlatforms) = preSolution
		Debug|Any CPU = Debug|Any CPU
		Release|Any CPU = Release|Any CPU
	EndGlobalSection
	GlobalSection(ProjectConfigurationPlatforms) = postSolution
		{2723BF88-1145-46AE-8E7B-67D20B154975}.Debug|Any CPU.ActiveCfg = Debug|Any CPU
		{2723BF88-1145-46AE-8E7B-67D20B154975}.Debug|Any CPU.Build.0 = Debug|Any CPU
		{2723BF88-1145-46AE-8E7B-67D20B154975}.Release|Any CPU.ActiveCfg = Release|Any CPU
		{2723BF88-1145-46AE-8E7B-67D20B154975}.Release|Any CPU.Build.0 = Release|Any CPU
		{4E5AB197-6FD3-4EAF-8A9A-72F9886DD2D5}.Debug|Any CPU.ActiveCfg = Debug|Any CPU
		{4E5AB197-6FD3-4EAF-8A9A-72F9886DD2D5}.Debug|Any CPU.Build.0 = Debug|Any CPU
		{4E5AB197-6FD3-4EAF-8A9A-72F9886DD2D5}.Release|Any CPU.ActiveCfg = Release|Any CPU
		{4E5AB197-6FD3-4EAF-8A9A-72F9886DD2D5}.Release|Any CPU.Build.0 = Release|Any CPU
		{A258A3D4-5353-42D4-9CF6-A6A0697CEC31}.Debug|Any CPU.ActiveCfg = Debug|Any CPU
		{A258A3D4-5353-42D4-9CF6-A6A0697CEC31}.Debug|Any CPU.Build.0 = Debug|Any CPU
		{A258A3D4-5353-42D4-9CF6-A6A0697CEC31}.Release|Any CPU.ActiveCfg = Release|Any CPU
		{A258A3D4-5353-42D4-9CF6-A6A0697CEC31}.Release|Any CPU.Build.0 = Release|Any CPU
		{B4D1CE31-2E89-4E3A-B082-72EFAB72A1A2}.Debug|Any CPU.ActiveCfg = Debug|Any CPU
		{B4D1CE31-2E89-4E3A-B082-72EFAB72A1A2}.Debug|Any CPU.Build.0 = Debug|Any CPU
		{B4D1CE31-2E89-4E3A-B082-72EFAB72A1A2}.Release|Any CPU.ActiveCfg = Release|Any CPU
		{B4D1CE31-2E89-4E3A-B082-72EFAB72A1A2}.Release|Any CPU.Build.0 = Release|Any CPU
		{17A50E12-6420-4DAC-B091-68C3E9C845A7}.Debug|Any CPU.ActiveCfg = Debug|Any CPU
		{17A50E12-6420-4DAC-B091-68C3E9C845A7}.Debug|Any CPU.Build.0 = Debug|Any CPU
		{17A50E12-6420-4DAC-B091-68C3E9C845A7}.Release|Any CPU.ActiveCfg = Release|Any CPU
		{17A50E12-6420-4DAC-B091-68C3E9C845A7}.Release|Any CPU.Build.0 = Release|Any CPU
	EndGlobalSection
	GlobalSection(SolutionProperties) = preSolution
		HideSolutionNode = FALSE
	EndGlobalSection
	GlobalSection(NestedProjects) = preSolution
		{2723BF88-1145-46AE-8E7B-67D20B154975} = {DB141AC2-86C5-4E20-8DE9-1D4EEA6C30E2}
		{4E5AB197-6FD3-4EAF-8A9A-72F9886DD2D5} = {DB141AC2-86C5-4E20-8DE9-1D4EEA6C30E2}
		{A258A3D4-5353-42D4-9CF6-A6A0697CEC31} = {DB141AC2-86C5-4E20-8DE9-1D4EEA6C30E2}
		{B4D1CE31-2E89-4E3A-B082-72EFAB72A1A2} = {DB141AC2-86C5-4E20-8DE9-1D4EEA6C30E2}
		{17A50E12-6420-4DAC-B091-68C3E9C845A7} = {DB141AC2-86C5-4E20-8DE9-1D4EEA6C30E2}
	EndGlobalSection
	GlobalSection(ExtensibilityGlobals) = postSolution
		SolutionGuid = {D6FD4206-4CEA-4DB5-8831-5D93D85A312F}
	EndGlobalSection
EndGlobal
